{
  "version": 4,
  "terraform_version": "1.5.1",
  "serial": 389,
  "lineage": "503bcd60-94a7-dd85-d0f0-bde0a095347c",
  "outputs": {},
  "resources": [
    {
      "mode": "data",
      "type": "azuread_client_config",
      "name": "current",
      "provider": "provider[\"registry.terraform.io/hashicorp/azuread\"]",
      "instances": [
        {
          "schema_version": 0,
          "attributes": {
            "client_id": "04b07795-8ddb-461a-bbee-02f9e1bf7b46",
            "id": "6014e695-4dfd-49bb-9c33-1aa89582fdca-04b07795-8ddb-461a-bbee-02f9e1bf7b46-bed13890-4699-4483-8989-9f3857d6cfe3",
            "object_id": "bed13890-4699-4483-8989-9f3857d6cfe3",
            "tenant_id": "6014e695-4dfd-49bb-9c33-1aa89582fdca",
            "timeouts": null
          },
          "sensitive_attributes": []
        }
      ]
    },
    {
      "mode": "data",
      "type": "azurerm_client_config",
      "name": "current",
      "provider": "provider[\"registry.terraform.io/hashicorp/azurerm\"]",
      "instances": [
        {
          "schema_version": 0,
          "attributes": {
            "client_id": "04b07795-8ddb-461a-bbee-02f9e1bf7b46",
            "id": "Y2xpZW50Q29uZmlncy9jbGllbnRJZD0wNGIwNzc5NS04ZGRiLTQ2MWEtYmJlZS0wMmY5ZTFiZjdiNDY7b2JqZWN0SWQ9YmVkMTM4OTAtNDY5OS00NDgzLTg5ODktOWYzODU3ZDZjZmUzO3N1YnNjcmlwdGlvbklkPTlkNDVhYTZkLTFjYTAtNDJlYy05NjEzLTNjYjk2ZThhYjcyMjt0ZW5hbnRJZD02MDE0ZTY5NS00ZGZkLTQ5YmItOWMzMy0xYWE4OTU4MmZkY2E=",
            "object_id": "bed13890-4699-4483-8989-9f3857d6cfe3",
            "subscription_id": "9d45aa6d-1ca0-42ec-9613-3cb96e8ab722",
            "tenant_id": "6014e695-4dfd-49bb-9c33-1aa89582fdca",
            "timeouts": null
          },
          "sensitive_attributes": []
        }
      ]
    },
    {
      "mode": "managed",
      "type": "azuread_application",
      "name": "celestials_aad_app",
      "provider": "provider[\"registry.terraform.io/hashicorp/azuread\"]",
      "instances": [
        {
          "schema_version": 1,
          "attributes": {
            "api": [
              {
                "known_client_applications": [],
                "mapped_claims_enabled": false,
                "oauth2_permission_scope": [],
                "requested_access_token_version": 1
              }
            ],
            "app_role": [],
            "app_role_ids": {},
            "application_id": "471804f2-083d-4b76-995f-2b28158fb735",
            "description": "",
            "device_only_auth_enabled": false,
            "disabled_by_microsoft": "\u003cnil\u003e",
            "display_name": "celestials-aad-app",
            "fallback_public_client_enabled": false,
            "feature_tags": [
              {
                "custom_single_sign_on": false,
                "enterprise": false,
                "gallery": false,
                "hide": false
              }
            ],
            "group_membership_claims": [],
            "id": "2866b12a-7876-4664-8343-aad27651f2df",
            "identifier_uris": [],
            "logo_image": "",
            "logo_url": "",
            "marketing_url": "",
            "notes": "",
            "oauth2_permission_scope_ids": {},
            "oauth2_post_response_required": false,
            "object_id": "2866b12a-7876-4664-8343-aad27651f2df",
            "optional_claims": [
              {
                "access_token": [],
                "id_token": [],
                "saml2_token": []
              }
            ],
            "owners": [
              "bed13890-4699-4483-8989-9f3857d6cfe3"
            ],
            "prevent_duplicate_names": false,
            "privacy_statement_url": "",
            "public_client": [
              {
                "redirect_uris": []
              }
            ],
            "publisher_domain": "denziiazuregmail.onmicrosoft.com",
            "required_resource_access": [],
            "service_management_reference": "",
            "sign_in_audience": "AzureADMyOrg",
            "single_page_application": [
              {
                "redirect_uris": []
              }
            ],
            "support_url": "",
            "tags": [],
            "template_id": "",
            "terms_of_service_url": "",
            "timeouts": null,
            "web": [
              {
                "homepage_url": "",
                "implicit_grant": [
                  {
                    "access_token_issuance_enabled": false,
                    "id_token_issuance_enabled": false
                  }
                ],
                "logout_url": "",
                "redirect_uris": []
              }
            ]
          },
          "sensitive_attributes": [],
          "private": "eyJlMmJmYjczMC1lY2FhLTExZTYtOGY4OC0zNDM2M2JjN2M0YzAiOnsiY3JlYXRlIjo2MDAwMDAwMDAwMDAsImRlbGV0ZSI6MzAwMDAwMDAwMDAwLCJyZWFkIjozMDAwMDAwMDAwMDAsInVwZGF0ZSI6NjAwMDAwMDAwMDAwfSwic2NoZW1hX3ZlcnNpb24iOiIxIn0=",
          "dependencies": [
            "data.azuread_client_config.current"
          ]
        }
      ]
    },
    {
      "mode": "managed",
      "type": "azuread_service_principal",
      "name": "celestials_web_app_service_principal",
      "provider": "provider[\"registry.terraform.io/hashicorp/azuread\"]",
      "instances": [
        {
          "schema_version": 0,
          "attributes": {
            "account_enabled": true,
            "alternative_names": [],
            "app_role_assignment_required": false,
            "app_role_ids": {},
            "app_roles": [],
            "application_id": "471804f2-083d-4b76-995f-2b28158fb735",
            "application_tenant_id": "6014e695-4dfd-49bb-9c33-1aa89582fdca",
            "description": "",
            "display_name": "celestials-aad-app",
            "feature_tags": [
              {
                "custom_single_sign_on": false,
                "enterprise": false,
                "gallery": false,
                "hide": false
              }
            ],
            "features": [
              {
                "custom_single_sign_on_app": false,
                "enterprise_application": false,
                "gallery_application": false,
                "visible_to_users": true
              }
            ],
            "homepage_url": "",
            "id": "4ad80f9a-aea7-4626-85af-9339a6c0b7f0",
            "login_url": "",
            "logout_url": "",
            "notes": "",
            "notification_email_addresses": [],
            "oauth2_permission_scope_ids": {},
            "oauth2_permission_scopes": [],
            "object_id": "4ad80f9a-aea7-4626-85af-9339a6c0b7f0",
            "owners": [
              "bed13890-4699-4483-8989-9f3857d6cfe3"
            ],
            "preferred_single_sign_on_mode": "",
            "redirect_uris": [],
            "saml_metadata_url": "",
            "saml_single_sign_on": [
              {
                "relay_state": ""
              }
            ],
            "service_principal_names": [],
            "sign_in_audience": "AzureADMyOrg",
            "tags": [],
            "timeouts": null,
            "type": "Application",
            "use_existing": null
          },
          "sensitive_attributes": [],
          "private": "eyJlMmJmYjczMC1lY2FhLTExZTYtOGY4OC0zNDM2M2JjN2M0YzAiOnsiY3JlYXRlIjo2MDAwMDAwMDAwMDAsImRlbGV0ZSI6MzAwMDAwMDAwMDAwLCJyZWFkIjozMDAwMDAwMDAwMDAsInVwZGF0ZSI6NjAwMDAwMDAwMDAwfX0=",
          "dependencies": [
            "azuread_application.celestials_aad_app",
            "data.azuread_client_config.current"
          ]
        }
      ]
    },
    {
      "mode": "managed",
      "type": "azuread_service_principal_password",
      "name": "celestials_web_app_service_principal_password",
      "provider": "provider[\"registry.terraform.io/hashicorp/azuread\"]",
      "instances": [
        {
          "schema_version": 1,
          "attributes": {
            "display_name": null,
            "end_date": "2025-06-27T00:24:10Z",
            "end_date_relative": null,
            "id": "4ad80f9a-aea7-4626-85af-9339a6c0b7f0/password/b1562c9a-94a7-4c8e-932c-4e4bc7c2f8f3",
            "key_id": "b1562c9a-94a7-4c8e-932c-4e4bc7c2f8f3",
            "rotate_when_changed": null,
            "service_principal_id": "4ad80f9a-aea7-4626-85af-9339a6c0b7f0",
            "start_date": "2023-06-27T00:24:10Z",
            "timeouts": null,
            "value": "Lzf8Q~8AdFcz5OVFzTspAV1-dvMYU7OC4hfA6cgo"
          },
          "sensitive_attributes": [],
          "private": "eyJlMmJmYjczMC1lY2FhLTExZTYtOGY4OC0zNDM2M2JjN2M0YzAiOnsiY3JlYXRlIjozMDAwMDAwMDAwMDAsImRlbGV0ZSI6MzAwMDAwMDAwMDAwLCJyZWFkIjozMDAwMDAwMDAwMDAsInVwZGF0ZSI6MzAwMDAwMDAwMDAwfSwic2NoZW1hX3ZlcnNpb24iOiIxIn0=",
          "dependencies": [
            "azuread_application.celestials_aad_app",
            "azuread_service_principal.celestials_web_app_service_principal",
            "data.azuread_client_config.current"
          ]
        }
      ]
    },
    {
      "mode": "managed",
      "type": "azurerm_container_registry",
      "name": "celestials_prod_cr",
      "provider": "provider[\"registry.terraform.io/hashicorp/azurerm\"]",
      "instances": [
        {
          "schema_version": 2,
          "attributes": {
            "admin_enabled": true,
            "admin_password": "BTe9dVF2buP6in37DbtS8FyJ5Y2SgJ/DLZ5ByuHpkw+ACRD3ogZb",
            "admin_username": "celestialscr",
            "anonymous_pull_enabled": false,
            "data_endpoint_enabled": false,
            "encryption": [
              {
                "enabled": false,
                "identity_client_id": "",
                "key_vault_key_id": ""
              }
            ],
            "export_policy_enabled": true,
            "georeplications": [],
            "id": "/subscriptions/9d45aa6d-1ca0-42ec-9613-3cb96e8ab722/resourceGroups/celestials-resource-group/providers/Microsoft.ContainerRegistry/registries/celestialscr",
            "identity": [],
            "location": "uksouth",
            "login_server": "celestialscr.azurecr.io",
            "name": "celestialscr",
            "network_rule_bypass_option": "AzureServices",
            "network_rule_set": [],
            "public_network_access_enabled": true,
            "quarantine_policy_enabled": false,
            "resource_group_name": "celestials-resource-group",
            "retention_policy": [
              {
                "days": 7,
                "enabled": false
              }
            ],
            "sku": "Standard",
            "tags": {},
            "timeouts": null,
            "trust_policy": [
              {
                "enabled": false
              }
            ],
            "zone_redundancy_enabled": false
          },
          "sensitive_attributes": [],
          "private": "eyJlMmJmYjczMC1lY2FhLTExZTYtOGY4OC0zNDM2M2JjN2M0YzAiOnsiY3JlYXRlIjoxODAwMDAwMDAwMDAwLCJkZWxldGUiOjE4MDAwMDAwMDAwMDAsInJlYWQiOjMwMDAwMDAwMDAwMCwidXBkYXRlIjoxODAwMDAwMDAwMDAwfSwic2NoZW1hX3ZlcnNpb24iOiIyIn0=",
          "dependencies": [
            "azurerm_resource_group.celestials_prod_resource_group"
          ]
        }
      ]
    },
    {
      "mode": "managed",
      "type": "azurerm_key_vault",
      "name": "celestials_prod_key_vault",
      "provider": "provider[\"registry.terraform.io/hashicorp/azurerm\"]",
      "instances": [
        {
          "schema_version": 2,
          "attributes": {
            "access_policy": [
              {
                "application_id": "",
                "certificate_permissions": [
                  "Get",
                  "List",
                  "Update",
                  "Create",
                  "Import",
                  "Delete",
                  "Recover",
                  "Backup",
                  "Restore",
                  "ManageContacts",
                  "ManageIssuers",
                  "GetIssuers",
                  "ListIssuers",
                  "SetIssuers",
                  "DeleteIssuers",
                  "Purge"
                ],
                "key_permissions": [
                  "Get",
                  "List",
                  "Update",
                  "Create",
                  "Import",
                  "Delete",
                  "Recover",
                  "Backup",
                  "Restore",
                  "GetRotationPolicy",
                  "SetRotationPolicy",
                  "Rotate",
                  "Encrypt",
                  "Decrypt",
                  "UnwrapKey",
                  "WrapKey",
                  "Verify",
                  "Sign",
                  "Purge",
                  "Release"
                ],
                "object_id": "bed13890-4699-4483-8989-9f3857d6cfe3",
                "secret_permissions": [
                  "Get",
                  "List",
                  "Set",
                  "Purge",
                  "Restore",
                  "Backup",
                  "Recover",
                  "Delete"
                ],
                "storage_permissions": [],
                "tenant_id": "6014e695-4dfd-49bb-9c33-1aa89582fdca"
              },
              {
                "application_id": "",
                "certificate_permissions": [],
                "key_permissions": [],
                "object_id": "6067d0d0-7de1-4da8-bb06-e308d79dc4dd",
                "secret_permissions": [
                  "Get",
                  "Set",
                  "List"
                ],
                "storage_permissions": [],
                "tenant_id": "6014e695-4dfd-49bb-9c33-1aa89582fdca"
              }
            ],
            "contact": [],
            "enable_rbac_authorization": false,
            "enabled_for_deployment": true,
            "enabled_for_disk_encryption": false,
            "enabled_for_template_deployment": false,
            "id": "/subscriptions/9d45aa6d-1ca0-42ec-9613-3cb96e8ab722/resourceGroups/celestials-resource-group/providers/Microsoft.KeyVault/vaults/celestials-key-vault",
            "location": "uksouth",
            "name": "celestials-key-vault",
            "network_acls": [
              {
                "bypass": "AzureServices",
                "default_action": "Allow",
                "ip_rules": [],
                "virtual_network_subnet_ids": []
              }
            ],
            "public_network_access_enabled": true,
            "purge_protection_enabled": false,
            "resource_group_name": "celestials-resource-group",
            "sku_name": "standard",
            "soft_delete_retention_days": 90,
            "tags": {},
            "tenant_id": "6014e695-4dfd-49bb-9c33-1aa89582fdca",
            "timeouts": null,
            "vault_uri": "https://celestials-key-vault.vault.azure.net/"
          },
          "sensitive_attributes": [],
          "private": "eyJlMmJmYjczMC1lY2FhLTExZTYtOGY4OC0zNDM2M2JjN2M0YzAiOnsiY3JlYXRlIjoxODAwMDAwMDAwMDAwLCJkZWxldGUiOjE4MDAwMDAwMDAwMDAsInJlYWQiOjMwMDAwMDAwMDAwMCwidXBkYXRlIjoxODAwMDAwMDAwMDAwfSwic2NoZW1hX3ZlcnNpb24iOiIyIn0=",
          "dependencies": [
            "azurerm_resource_group.celestials_prod_resource_group"
          ]
        }
      ]
    },
    {
      "mode": "managed",
      "type": "azurerm_key_vault_access_policy",
      "name": "celestials_web_app_access_policy_app",
      "provider": "provider[\"registry.terraform.io/hashicorp/azurerm\"].obo",
      "instances": [
        {
          "schema_version": 0,
          "attributes": {
            "application_id": "",
            "certificate_permissions": [],
            "id": "/subscriptions/9d45aa6d-1ca0-42ec-9613-3cb96e8ab722/resourceGroups/celestials-resource-group/providers/Microsoft.KeyVault/vaults/celestials-key-vault/objectId/6067d0d0-7de1-4da8-bb06-e308d79dc4dd",
            "key_permissions": [],
            "key_vault_id": "/subscriptions/9d45aa6d-1ca0-42ec-9613-3cb96e8ab722/resourceGroups/celestials-resource-group/providers/Microsoft.KeyVault/vaults/celestials-key-vault",
            "object_id": "6067d0d0-7de1-4da8-bb06-e308d79dc4dd",
            "secret_permissions": [
              "Get",
              "Set",
              "List"
            ],
            "storage_permissions": [],
            "tenant_id": "6014e695-4dfd-49bb-9c33-1aa89582fdca",
            "timeouts": null
          },
          "sensitive_attributes": [],
          "private": "eyJlMmJmYjczMC1lY2FhLTExZTYtOGY4OC0zNDM2M2JjN2M0YzAiOnsiY3JlYXRlIjoxODAwMDAwMDAwMDAwLCJkZWxldGUiOjE4MDAwMDAwMDAwMDAsInJlYWQiOjMwMDAwMDAwMDAwMCwidXBkYXRlIjoxODAwMDAwMDAwMDAwfX0=",
          "dependencies": [
            "azurerm_key_vault.celestials_prod_key_vault",
            "azurerm_resource_group.celestials_prod_resource_group",
            "data.azurerm_client_config.current"
          ]
        }
      ]
    },
    {
      "mode": "managed",
      "type": "azurerm_key_vault_secret",
      "name": "celestials_prod_db_connection",
      "provider": "provider[\"registry.terraform.io/hashicorp/azurerm\"]",
      "instances": [
        {
          "schema_version": 0,
          "attributes": {
            "content_type": "",
            "expiration_date": null,
            "id": "https://celestials-key-vault.vault.azure.net/secrets/celestials-prod-db-connection/6931cd9056cc46809c57fe9fd185cbc8",
            "key_vault_id": "/subscriptions/9d45aa6d-1ca0-42ec-9613-3cb96e8ab722/resourceGroups/celestials-resource-group/providers/Microsoft.KeyVault/vaults/celestials-key-vault",
            "name": "celestials-prod-db-connection",
            "not_before_date": null,
            "resource_id": "/subscriptions/9d45aa6d-1ca0-42ec-9613-3cb96e8ab722/resourceGroups/celestials-resource-group/providers/Microsoft.KeyVault/vaults/celestials-key-vault/secrets/celestials-prod-db-connection/versions/6931cd9056cc46809c57fe9fd185cbc8",
            "resource_versionless_id": "/subscriptions/9d45aa6d-1ca0-42ec-9613-3cb96e8ab722/resourceGroups/celestials-resource-group/providers/Microsoft.KeyVault/vaults/celestials-key-vault/secrets/celestials-prod-db-connection",
            "tags": {},
            "timeouts": null,
            "value": "DATABASE_CONNECTION=Server=celestials-postgres-db-server.postgres.database.azure.com;Database=celestials-db;Port=5432;User Id=postgres@celestials-postgres-db-server;Password=Postgre^qladminpass123;Ssl Mode=VerifyFull",
            "version": "6931cd9056cc46809c57fe9fd185cbc8",
            "versionless_id": "https://celestials-key-vault.vault.azure.net/secrets/celestials-prod-db-connection"
          },
          "sensitive_attributes": [],
          "private": "eyJlMmJmYjczMC1lY2FhLTExZTYtOGY4OC0zNDM2M2JjN2M0YzAiOnsiY3JlYXRlIjoxODAwMDAwMDAwMDAwLCJkZWxldGUiOjE4MDAwMDAwMDAwMDAsInJlYWQiOjE4MDAwMDAwMDAwMDAsInVwZGF0ZSI6MTgwMDAwMDAwMDAwMH19",
          "dependencies": [
            "azurerm_key_vault.celestials_prod_key_vault",
            "azurerm_resource_group.celestials_prod_resource_group"
          ]
        }
      ]
    },
    {
      "mode": "managed",
      "type": "azurerm_key_vault_secret",
      "name": "docker_registry_server_password",
      "provider": "provider[\"registry.terraform.io/hashicorp/azurerm\"]",
      "instances": [
        {
          "schema_version": 0,
          "attributes": {
            "content_type": "",
            "expiration_date": null,
            "id": "https://celestials-key-vault.vault.azure.net/secrets/docker-registry-server-password/d473f62308a14760b6cf23f029bb7418",
            "key_vault_id": "/subscriptions/9d45aa6d-1ca0-42ec-9613-3cb96e8ab722/resourceGroups/celestials-resource-group/providers/Microsoft.KeyVault/vaults/celestials-key-vault",
            "name": "docker-registry-server-password",
            "not_before_date": null,
            "resource_id": "/subscriptions/9d45aa6d-1ca0-42ec-9613-3cb96e8ab722/resourceGroups/celestials-resource-group/providers/Microsoft.KeyVault/vaults/celestials-key-vault/secrets/docker-registry-server-password/versions/d473f62308a14760b6cf23f029bb7418",
            "resource_versionless_id": "/subscriptions/9d45aa6d-1ca0-42ec-9613-3cb96e8ab722/resourceGroups/celestials-resource-group/providers/Microsoft.KeyVault/vaults/celestials-key-vault/secrets/docker-registry-server-password",
            "tags": {},
            "timeouts": null,
            "value": "BTe9dVF2buP6in37DbtS8FyJ5Y2SgJ/DLZ5ByuHpkw+ACRD3ogZb",
            "version": "d473f62308a14760b6cf23f029bb7418",
            "versionless_id": "https://celestials-key-vault.vault.azure.net/secrets/docker-registry-server-password"
          },
          "sensitive_attributes": [
            [
              {
                "type": "get_attr",
                "value": "value"
              }
            ]
          ],
          "private": "eyJlMmJmYjczMC1lY2FhLTExZTYtOGY4OC0zNDM2M2JjN2M0YzAiOnsiY3JlYXRlIjoxODAwMDAwMDAwMDAwLCJkZWxldGUiOjE4MDAwMDAwMDAwMDAsInJlYWQiOjE4MDAwMDAwMDAwMDAsInVwZGF0ZSI6MTgwMDAwMDAwMDAwMH19",
          "dependencies": [
            "azurerm_container_registry.celestials_prod_cr",
            "azurerm_key_vault.celestials_prod_key_vault",
            "azurerm_resource_group.celestials_prod_resource_group"
          ]
        }
      ]
    },
    {
      "mode": "managed",
      "type": "azurerm_key_vault_secret",
      "name": "docker_registry_server_user",
      "provider": "provider[\"registry.terraform.io/hashicorp/azurerm\"]",
      "instances": [
        {
          "schema_version": 0,
          "attributes": {
            "content_type": "",
            "expiration_date": null,
            "id": "https://celestials-key-vault.vault.azure.net/secrets/docker-registry-server-user/d8dbfdb20fab4fe1a1b43a0bb84e0f8a",
            "key_vault_id": "/subscriptions/9d45aa6d-1ca0-42ec-9613-3cb96e8ab722/resourceGroups/celestials-resource-group/providers/Microsoft.KeyVault/vaults/celestials-key-vault",
            "name": "docker-registry-server-user",
            "not_before_date": null,
            "resource_id": "/subscriptions/9d45aa6d-1ca0-42ec-9613-3cb96e8ab722/resourceGroups/celestials-resource-group/providers/Microsoft.KeyVault/vaults/celestials-key-vault/secrets/docker-registry-server-user/versions/d8dbfdb20fab4fe1a1b43a0bb84e0f8a",
            "resource_versionless_id": "/subscriptions/9d45aa6d-1ca0-42ec-9613-3cb96e8ab722/resourceGroups/celestials-resource-group/providers/Microsoft.KeyVault/vaults/celestials-key-vault/secrets/docker-registry-server-user",
            "tags": {},
            "timeouts": null,
            "value": "celestialscr",
            "version": "d8dbfdb20fab4fe1a1b43a0bb84e0f8a",
            "versionless_id": "https://celestials-key-vault.vault.azure.net/secrets/docker-registry-server-user"
          },
          "sensitive_attributes": [],
          "private": "eyJlMmJmYjczMC1lY2FhLTExZTYtOGY4OC0zNDM2M2JjN2M0YzAiOnsiY3JlYXRlIjoxODAwMDAwMDAwMDAwLCJkZWxldGUiOjE4MDAwMDAwMDAwMDAsInJlYWQiOjE4MDAwMDAwMDAwMDAsInVwZGF0ZSI6MTgwMDAwMDAwMDAwMH19",
          "dependencies": [
            "azurerm_container_registry.celestials_prod_cr",
            "azurerm_key_vault.celestials_prod_key_vault",
            "azurerm_resource_group.celestials_prod_resource_group"
          ]
        }
      ]
    },
    {
      "mode": "managed",
      "type": "azurerm_linux_web_app",
      "name": "celestials_prod_web_app",
      "provider": "provider[\"registry.terraform.io/hashicorp/azurerm\"]",
      "instances": [
        {
          "schema_version": 0,
          "attributes": {
            "app_settings": {
              "DOCKER_REGISTRY_SERVER_PASSWORD": "BTe9dVF2buP6in37DbtS8FyJ5Y2SgJ/DLZ5ByuHpkw+ACRD3ogZb",
              "DOCKER_REGISTRY_SERVER_URL": "celestialscr.azurecr.io",
              "DOCKER_REGISTRY_SERVER_USERNAME": "celestialscr",
              "WEBSITES_ENABLE_APP_SERVICE_STORAGE": "false"
            },
            "auth_settings": [],
            "auth_settings_v2": [],
            "backup": [],
            "client_affinity_enabled": false,
            "client_certificate_enabled": false,
            "client_certificate_exclusion_paths": "",
            "client_certificate_mode": "Required",
            "connection_string": [],
            "custom_domain_verification_id": "D8C4684F0F8AB113DA631CDEF75204F4E692531A95FBA193F65DDFA33E99AA19",
            "default_hostname": "celestials-web-app.azurewebsites.net",
            "enabled": true,
            "hosting_environment_id": "",
            "https_only": false,
            "id": "/subscriptions/9d45aa6d-1ca0-42ec-9613-3cb96e8ab722/resourceGroups/celestials-resource-group/providers/Microsoft.Web/sites/celestials-web-app",
            "identity": [
              {
                "identity_ids": [],
                "principal_id": "604a25b1-5ae8-4cc7-be85-e20040e6d4b3",
                "tenant_id": "6014e695-4dfd-49bb-9c33-1aa89582fdca",
                "type": "SystemAssigned"
              }
            ],
            "key_vault_reference_identity_id": "SystemAssigned",
            "kind": "app,linux,container",
            "location": "uksouth",
            "logs": [
              {
                "application_logs": [
                  {
                    "azure_blob_storage": [],
                    "file_system_level": "Information"
                  }
                ],
                "detailed_error_messages": false,
                "failed_request_tracing": false,
                "http_logs": [
                  {
                    "azure_blob_storage": [],
                    "file_system": [
                      {
                        "retention_in_days": 0,
                        "retention_in_mb": 50
                      }
                    ]
                  }
                ]
              }
            ],
            "name": "celestials-web-app",
            "outbound_ip_address_list": [
              "40.81.154.98",
              "40.81.154.165",
              "40.81.154.178",
              "40.81.154.181",
              "40.81.154.190",
              "40.81.154.193",
              "51.104.28.83"
            ],
            "outbound_ip_addresses": "40.81.154.98,40.81.154.165,40.81.154.178,40.81.154.181,40.81.154.190,40.81.154.193,51.104.28.83",
            "possible_outbound_ip_address_list": [
              "40.81.154.98",
              "40.81.154.165",
              "40.81.154.178",
              "40.81.154.181",
              "40.81.154.190",
              "40.81.154.193",
              "40.81.154.202",
              "40.81.154.210",
              "40.81.154.214",
              "40.81.154.222",
              "40.81.154.242",
              "40.81.155.21",
              "40.81.155.68",
              "40.81.155.75",
              "40.81.155.97",
              "40.81.155.100",
              "40.81.155.108",
              "40.81.155.114",
              "40.81.155.118",
              "40.81.155.140",
              "40.81.155.142",
              "40.81.155.151",
              "40.81.155.153",
              "40.81.155.169",
              "51.104.28.83"
            ],
            "possible_outbound_ip_addresses": "40.81.154.98,40.81.154.165,40.81.154.178,40.81.154.181,40.81.154.190,40.81.154.193,40.81.154.202,40.81.154.210,40.81.154.214,40.81.154.222,40.81.154.242,40.81.155.21,40.81.155.68,40.81.155.75,40.81.155.97,40.81.155.100,40.81.155.108,40.81.155.114,40.81.155.118,40.81.155.140,40.81.155.142,40.81.155.151,40.81.155.153,40.81.155.169,51.104.28.83",
            "resource_group_name": "celestials-resource-group",
            "service_plan_id": "/subscriptions/9d45aa6d-1ca0-42ec-9613-3cb96e8ab722/resourceGroups/celestials-resource-group/providers/Microsoft.Web/serverfarms/celestials-service-plan",
            "site_config": [
              {
                "always_on": true,
                "api_definition_url": "",
                "api_management_api_id": "",
                "app_command_line": "",
                "application_stack": [
                  {
                    "docker_image": "celestials",
                    "docker_image_tag": "latest",
                    "dotnet_version": "",
                    "go_version": "",
                    "java_server": "",
                    "java_server_version": "",
                    "java_version": "",
                    "node_version": "",
                    "php_version": "",
                    "python_version": "",
                    "ruby_version": ""
                  }
                ],
                "auto_heal_enabled": false,
                "auto_heal_setting": [],
                "container_registry_managed_identity_client_id": "",
                "container_registry_use_managed_identity": true,
                "cors": [],
                "default_documents": [
                  "Default.htm",
                  "Default.html",
                  "Default.asp",
                  "index.htm",
                  "index.html",
                  "iisstart.htm",
                  "default.aspx",
                  "index.php",
                  "hostingstart.html"
                ],
                "detailed_error_logging_enabled": false,
                "ftps_state": "Disabled",
                "health_check_eviction_time_in_min": 0,
                "health_check_path": "",
                "http2_enabled": false,
                "ip_restriction": [],
                "linux_fx_version": "DOCKER|celestials:latest",
                "load_balancing_mode": "LeastRequests",
                "local_mysql_enabled": false,
                "managed_pipeline_mode": "Integrated",
                "minimum_tls_version": "1.2",
                "remote_debugging_enabled": false,
                "remote_debugging_version": "VS2019",
                "scm_ip_restriction": [],
                "scm_minimum_tls_version": "1.2",
                "scm_type": "None",
                "scm_use_main_ip_restriction": false,
                "use_32_bit_worker": true,
                "vnet_route_all_enabled": false,
                "websockets_enabled": false,
                "worker_count": 1
              }
            ],
            "site_credential": [
              {
                "name": "$celestials-web-app",
                "password": "8mfxviNHNDtEcxLxrvq93rPxFhDZwq7dBedj4SZYcm4ghKeiHYMJ0qkWJQuo"
              }
            ],
            "sticky_settings": [],
            "storage_account": [],
            "tags": {},
            "timeouts": null,
            "virtual_network_subnet_id": "",
            "zip_deploy_file": ""
          },
          "sensitive_attributes": [],
          "private": "eyJlMmJmYjczMC1lY2FhLTExZTYtOGY4OC0zNDM2M2JjN2M0YzAiOnsiY3JlYXRlIjoxODAwMDAwMDAwMDAwLCJkZWxldGUiOjE4MDAwMDAwMDAwMDAsInJlYWQiOjMwMDAwMDAwMDAwMCwidXBkYXRlIjoxODAwMDAwMDAwMDAwfX0=",
          "dependencies": [
            "azurerm_resource_group.celestials_prod_resource_group",
            "azurerm_service_plan.celestials_prod_service_plan"
          ]
        }
      ]
    },
    {
      "mode": "managed",
      "type": "azurerm_postgresql_database",
      "name": "celestials_prod_pgdb_db",
      "provider": "provider[\"registry.terraform.io/hashicorp/azurerm\"]",
      "instances": [
        {
          "schema_version": 1,
          "attributes": {
            "charset": "UTF8",
            "collation": "English_United States.1252",
            "id": "/subscriptions/9d45aa6d-1ca0-42ec-9613-3cb96e8ab722/resourceGroups/celestials-resource-group/providers/Microsoft.DBforPostgreSQL/servers/celestials-postgres-db-server/databases/celestials-db",
            "name": "celestials-db",
            "resource_group_name": "celestials-resource-group",
            "server_name": "celestials-postgres-db-server",
            "timeouts": null
          },
          "sensitive_attributes": [],
          "private": "eyJlMmJmYjczMC1lY2FhLTExZTYtOGY4OC0zNDM2M2JjN2M0YzAiOnsiY3JlYXRlIjozNjAwMDAwMDAwMDAwLCJkZWxldGUiOjM2MDAwMDAwMDAwMDAsInJlYWQiOjMwMDAwMDAwMDAwMCwidXBkYXRlIjozNjAwMDAwMDAwMDAwfSwic2NoZW1hX3ZlcnNpb24iOiIxIn0=",
          "dependencies": [
            "azurerm_resource_group.celestials_prod_resource_group"
          ]
        }
      ]
    },
    {
      "mode": "managed",
      "type": "azurerm_postgresql_firewall_rule",
      "name": "celestials_prod_pgdb_fw",
      "provider": "provider[\"registry.terraform.io/hashicorp/azurerm\"]",
      "instances": [
        {
          "schema_version": 0,
          "attributes": {
            "end_ip_address": "40.81.154.181",
            "id": "/subscriptions/9d45aa6d-1ca0-42ec-9613-3cb96e8ab722/resourceGroups/celestials-resource-group/providers/Microsoft.DBforPostgreSQL/servers/celestials-postgres-db-server/firewallRules/AllowAppServer",
            "name": "AllowAppServer",
            "resource_group_name": "celestials-resource-group",
            "server_name": "celestials-postgres-db-server",
            "start_ip_address": "40.81.154.181",
            "timeouts": null
          },
          "sensitive_attributes": [],
          "private": "eyJlMmJmYjczMC1lY2FhLTExZTYtOGY4OC0zNDM2M2JjN2M0YzAiOnsiY3JlYXRlIjoxODAwMDAwMDAwMDAwLCJkZWxldGUiOjE4MDAwMDAwMDAwMDAsInJlYWQiOjMwMDAwMDAwMDAwMCwidXBkYXRlIjoxODAwMDAwMDAwMDAwfX0=",
          "dependencies": [
            "azurerm_postgresql_server.celestials_prod_pgdb",
            "azurerm_resource_group.celestials_prod_resource_group"
          ]
        }
      ]
    },
    {
      "mode": "managed",
      "type": "azurerm_postgresql_server",
      "name": "celestials_prod_pgdb",
      "provider": "provider[\"registry.terraform.io/hashicorp/azurerm\"]",
      "instances": [
        {
          "schema_version": 1,
          "attributes": {
            "administrator_login": "postgres",
            "administrator_login_password": "Postgre^qladminpass123",
            "auto_grow_enabled": true,
            "backup_retention_days": 7,
            "create_mode": "Default",
            "creation_source_server_id": null,
            "fqdn": "celestials-postgres-db-server.postgres.database.azure.com",
            "geo_redundant_backup_enabled": false,
            "id": "/subscriptions/9d45aa6d-1ca0-42ec-9613-3cb96e8ab722/resourceGroups/celestials-resource-group/providers/Microsoft.DBforPostgreSQL/servers/celestials-postgres-db-server",
            "identity": [],
            "infrastructure_encryption_enabled": false,
            "location": "uksouth",
            "name": "celestials-postgres-db-server",
            "public_network_access_enabled": true,
            "resource_group_name": "celestials-resource-group",
            "restore_point_in_time": null,
            "sku_name": "B_Gen5_1",
            "ssl_enforcement_enabled": true,
            "ssl_minimal_tls_version_enforced": "TLS1_2",
            "storage_mb": 5120,
            "tags": {},
            "threat_detection_policy": [],
            "timeouts": null,
            "version": "11"
          },
          "sensitive_attributes": [],
          "private": "eyJlMmJmYjczMC1lY2FhLTExZTYtOGY4OC0zNDM2M2JjN2M0YzAiOnsiY3JlYXRlIjozNjAwMDAwMDAwMDAwLCJkZWxldGUiOjM2MDAwMDAwMDAwMDAsInJlYWQiOjMwMDAwMDAwMDAwMCwidXBkYXRlIjozNjAwMDAwMDAwMDAwfSwic2NoZW1hX3ZlcnNpb24iOiIxIn0=",
          "dependencies": [
            "azurerm_resource_group.celestials_prod_resource_group"
          ]
        }
      ]
    },
    {
      "mode": "managed",
      "type": "azurerm_resource_group",
      "name": "celestials_prod_resource_group",
      "provider": "provider[\"registry.terraform.io/hashicorp/azurerm\"]",
      "instances": [
        {
          "schema_version": 0,
          "attributes": {
            "id": "/subscriptions/9d45aa6d-1ca0-42ec-9613-3cb96e8ab722/resourceGroups/celestials-resource-group",
            "location": "uksouth",
            "name": "celestials-resource-group",
            "tags": {},
            "timeouts": null
          },
          "sensitive_attributes": [],
          "private": "eyJlMmJmYjczMC1lY2FhLTExZTYtOGY4OC0zNDM2M2JjN2M0YzAiOnsiY3JlYXRlIjo1NDAwMDAwMDAwMDAwLCJkZWxldGUiOjU0MDAwMDAwMDAwMDAsInJlYWQiOjMwMDAwMDAwMDAwMCwidXBkYXRlIjo1NDAwMDAwMDAwMDAwfX0="
        }
      ]
    },
    {
      "mode": "managed",
      "type": "azurerm_role_assignment",
      "name": "celestials_kv_role_assignment",
      "provider": "provider[\"registry.terraform.io/hashicorp/azurerm\"]",
      "instances": [
        {
          "schema_version": 0,
          "attributes": {
            "condition": "",
            "condition_version": "",
            "delegated_managed_identity_resource_id": "",
            "description": "",
            "id": "/subscriptions/9d45aa6d-1ca0-42ec-9613-3cb96e8ab722/resourceGroups/celestials-resource-group/providers/Microsoft.KeyVault/vaults/celestials-key-vault/providers/Microsoft.Authorization/roleAssignments/edad7472-03d6-a5d0-1a1a-ac7fbebe218b",
            "name": "edad7472-03d6-a5d0-1a1a-ac7fbebe218b",
            "principal_id": "bed13890-4699-4483-8989-9f3857d6cfe3",
            "principal_type": "User",
            "role_definition_id": "/subscriptions/9d45aa6d-1ca0-42ec-9613-3cb96e8ab722/providers/Microsoft.Authorization/roleDefinitions/b86a8fe4-44ce-4948-aee5-eccb2c155cd7",
            "role_definition_name": "Key Vault Secrets Officer",
            "scope": "/subscriptions/9d45aa6d-1ca0-42ec-9613-3cb96e8ab722/resourceGroups/celestials-resource-group/providers/Microsoft.KeyVault/vaults/celestials-key-vault",
            "skip_service_principal_aad_check": null,
            "timeouts": null
          },
          "sensitive_attributes": [],
          "private": "eyJlMmJmYjczMC1lY2FhLTExZTYtOGY4OC0zNDM2M2JjN2M0YzAiOnsiY3JlYXRlIjoxODAwMDAwMDAwMDAwLCJkZWxldGUiOjE4MDAwMDAwMDAwMDAsInJlYWQiOjMwMDAwMDAwMDAwMCwidXBkYXRlIjoxODAwMDAwMDAwMDAwfX0=",
          "dependencies": [
            "azurerm_key_vault.celestials_prod_key_vault",
            "azurerm_resource_group.celestials_prod_resource_group",
            "data.azurerm_client_config.current"
          ]
        }
      ]
    },
    {
      "mode": "managed",
      "type": "azurerm_role_assignment",
      "name": "celestials_principal_aad_acrpull",
      "provider": "provider[\"registry.terraform.io/hashicorp/azurerm\"]",
      "instances": [
        {
          "schema_version": 0,
          "attributes": {
            "condition": "",
            "condition_version": "",
            "delegated_managed_identity_resource_id": "",
            "description": "",
            "id": "/subscriptions/9d45aa6d-1ca0-42ec-9613-3cb96e8ab722/resourceGroups/celestials-resource-group/providers/Microsoft.Authorization/roleAssignments/af448c2b-4988-4f21-11d0-bcde4c826a1e",
            "name": "af448c2b-4988-4f21-11d0-bcde4c826a1e",
            "principal_id": "604a25b1-5ae8-4cc7-be85-e20040e6d4b3",
            "principal_type": "ServicePrincipal",
            "role_definition_id": "/subscriptions/9d45aa6d-1ca0-42ec-9613-3cb96e8ab722/providers/Microsoft.Authorization/roleDefinitions/7f951dda-4ed3-4680-a7ca-43fe172d538d",
            "role_definition_name": "AcrPull",
            "scope": "/subscriptions/9d45aa6d-1ca0-42ec-9613-3cb96e8ab722/resourceGroups/celestials-resource-group",
            "skip_service_principal_aad_check": null,
            "timeouts": null
          },
          "sensitive_attributes": [],
          "private": "eyJlMmJmYjczMC1lY2FhLTExZTYtOGY4OC0zNDM2M2JjN2M0YzAiOnsiY3JlYXRlIjoxODAwMDAwMDAwMDAwLCJkZWxldGUiOjE4MDAwMDAwMDAwMDAsInJlYWQiOjMwMDAwMDAwMDAwMCwidXBkYXRlIjoxODAwMDAwMDAwMDAwfX0=",
          "dependencies": [
            "azuread_application.celestials_aad_app",
            "azurerm_linux_web_app.celestials_prod_web_app",
            "azurerm_resource_group.celestials_prod_resource_group",
            "azurerm_service_plan.celestials_prod_service_plan",
            "data.azuread_client_config.current"
          ]
        }
      ]
    },
    {
      "mode": "managed",
      "type": "azurerm_role_assignment",
      "name": "celestials_web_app_kv_access",
      "provider": "provider[\"registry.terraform.io/hashicorp/azurerm\"]",
      "instances": [
        {
          "schema_version": 0,
          "attributes": {
            "condition": "",
            "condition_version": "",
            "delegated_managed_identity_resource_id": "",
            "description": "",
            "id": "/subscriptions/9d45aa6d-1ca0-42ec-9613-3cb96e8ab722/resourceGroups/celestials-resource-group/providers/Microsoft.KeyVault/vaults/celestials-key-vault/providers/Microsoft.Authorization/roleAssignments/15bbcb4c-381e-72f5-6542-e32feb34c830",
            "name": "15bbcb4c-381e-72f5-6542-e32feb34c830",
            "principal_id": "604a25b1-5ae8-4cc7-be85-e20040e6d4b3",
            "principal_type": "ServicePrincipal",
            "role_definition_id": "/subscriptions/9d45aa6d-1ca0-42ec-9613-3cb96e8ab722/providers/Microsoft.Authorization/roleDefinitions/acdd72a7-3385-48ef-bd42-f606fba81ae7",
            "role_definition_name": "Reader",
            "scope": "/subscriptions/9d45aa6d-1ca0-42ec-9613-3cb96e8ab722/resourceGroups/celestials-resource-group/providers/Microsoft.KeyVault/vaults/celestials-key-vault",
            "skip_service_principal_aad_check": null,
            "timeouts": null
          },
          "sensitive_attributes": [],
          "private": "eyJlMmJmYjczMC1lY2FhLTExZTYtOGY4OC0zNDM2M2JjN2M0YzAiOnsiY3JlYXRlIjoxODAwMDAwMDAwMDAwLCJkZWxldGUiOjE4MDAwMDAwMDAwMDAsInJlYWQiOjMwMDAwMDAwMDAwMCwidXBkYXRlIjoxODAwMDAwMDAwMDAwfX0=",
          "dependencies": [
            "azurerm_key_vault.celestials_prod_key_vault",
            "azurerm_linux_web_app.celestials_prod_web_app",
            "azurerm_resource_group.celestials_prod_resource_group",
            "azurerm_service_plan.celestials_prod_service_plan"
          ]
        }
      ]
    },
    {
      "mode": "managed",
      "type": "azurerm_service_plan",
      "name": "celestials_prod_service_plan",
      "provider": "provider[\"registry.terraform.io/hashicorp/azurerm\"]",
      "instances": [
        {
          "schema_version": 0,
          "attributes": {
            "app_service_environment_id": "",
            "id": "/subscriptions/9d45aa6d-1ca0-42ec-9613-3cb96e8ab722/resourceGroups/celestials-resource-group/providers/Microsoft.Web/serverfarms/celestials-service-plan",
            "kind": "linux",
            "location": "uksouth",
            "maximum_elastic_worker_count": 1,
            "name": "celestials-service-plan",
            "os_type": "Linux",
            "per_site_scaling_enabled": false,
            "reserved": true,
            "resource_group_name": "celestials-resource-group",
            "sku_name": "S1",
            "tags": {},
            "timeouts": null,
            "worker_count": 1,
            "zone_balancing_enabled": false
          },
          "sensitive_attributes": [],
          "private": "eyJlMmJmYjczMC1lY2FhLTExZTYtOGY4OC0zNDM2M2JjN2M0YzAiOnsiY3JlYXRlIjozNjAwMDAwMDAwMDAwLCJkZWxldGUiOjM2MDAwMDAwMDAwMDAsInJlYWQiOjMwMDAwMDAwMDAwMCwidXBkYXRlIjozNjAwMDAwMDAwMDAwfX0=",
          "dependencies": [
            "azurerm_resource_group.celestials_prod_resource_group"
          ]
        }
      ]
    },
    {
      "mode": "managed",
      "type": "azurerm_storage_account",
      "name": "celestials_prod_blob_storage_account",
      "provider": "provider[\"registry.terraform.io/hashicorp/azurerm\"]",
      "instances": [
        {
          "schema_version": 3,
          "attributes": {
            "access_tier": "Hot",
            "account_kind": "StorageV2",
            "account_replication_type": "LRS",
            "account_tier": "Standard",
            "allow_nested_items_to_be_public": true,
            "allowed_copy_scope": "",
            "azure_files_authentication": [],
            "blob_properties": [
              {
                "change_feed_enabled": false,
                "change_feed_retention_in_days": 0,
                "container_delete_retention_policy": [],
                "cors_rule": [],
                "default_service_version": "",
                "delete_retention_policy": [],
                "last_access_time_enabled": false,
                "restore_policy": [],
                "versioning_enabled": false
              }
            ],
            "cross_tenant_replication_enabled": true,
            "custom_domain": [],
            "customer_managed_key": [],
            "default_to_oauth_authentication": false,
            "edge_zone": "",
            "enable_https_traffic_only": true,
            "id": "/subscriptions/9d45aa6d-1ca0-42ec-9613-3cb96e8ab722/resourceGroups/celestials-resource-group/providers/Microsoft.Storage/storageAccounts/celestialsblobstorage",
            "identity": [],
            "immutability_policy": [],
            "infrastructure_encryption_enabled": false,
            "is_hns_enabled": false,
            "large_file_share_enabled": null,
            "location": "uksouth",
            "min_tls_version": "TLS1_2",
            "name": "celestialsblobstorage",
            "network_rules": [
              {
                "bypass": [
                  "AzureServices"
                ],
                "default_action": "Allow",
                "ip_rules": [],
                "private_link_access": [],
                "virtual_network_subnet_ids": []
              }
            ],
            "nfsv3_enabled": false,
            "primary_access_key": "DS+7xLY4bt+djvHaKEW4M66xLVk/OnK69MFS3dCxvERIERDPq91h+qrk20GKREXUQt2aFgb/qZfj+ASt2DmI4g==",
            "primary_blob_connection_string": "DefaultEndpointsProtocol=https;BlobEndpoint=https://celestialsblobstorage.blob.core.windows.net/;AccountName=celestialsblobstorage;AccountKey=DS+7xLY4bt+djvHaKEW4M66xLVk/OnK69MFS3dCxvERIERDPq91h+qrk20GKREXUQt2aFgb/qZfj+ASt2DmI4g==",
            "primary_blob_endpoint": "https://celestialsblobstorage.blob.core.windows.net/",
            "primary_blob_host": "celestialsblobstorage.blob.core.windows.net",
            "primary_connection_string": "DefaultEndpointsProtocol=https;AccountName=celestialsblobstorage;AccountKey=DS+7xLY4bt+djvHaKEW4M66xLVk/OnK69MFS3dCxvERIERDPq91h+qrk20GKREXUQt2aFgb/qZfj+ASt2DmI4g==;EndpointSuffix=core.windows.net",
            "primary_dfs_endpoint": "https://celestialsblobstorage.dfs.core.windows.net/",
            "primary_dfs_host": "celestialsblobstorage.dfs.core.windows.net",
            "primary_file_endpoint": "https://celestialsblobstorage.file.core.windows.net/",
            "primary_file_host": "celestialsblobstorage.file.core.windows.net",
            "primary_location": "uksouth",
            "primary_queue_endpoint": "https://celestialsblobstorage.queue.core.windows.net/",
            "primary_queue_host": "celestialsblobstorage.queue.core.windows.net",
            "primary_table_endpoint": "https://celestialsblobstorage.table.core.windows.net/",
            "primary_table_host": "celestialsblobstorage.table.core.windows.net",
            "primary_web_endpoint": "https://celestialsblobstorage.z33.web.core.windows.net/",
            "primary_web_host": "celestialsblobstorage.z33.web.core.windows.net",
            "public_network_access_enabled": true,
            "queue_encryption_key_type": "Service",
            "queue_properties": [
              {
                "cors_rule": [],
                "hour_metrics": [
                  {
                    "enabled": true,
                    "include_apis": true,
                    "retention_policy_days": 7,
                    "version": "1.0"
                  }
                ],
                "logging": [
                  {
                    "delete": false,
                    "read": false,
                    "retention_policy_days": 0,
                    "version": "1.0",
                    "write": false
                  }
                ],
                "minute_metrics": [
                  {
                    "enabled": false,
                    "include_apis": false,
                    "retention_policy_days": 0,
                    "version": "1.0"
                  }
                ]
              }
            ],
            "resource_group_name": "celestials-resource-group",
            "routing": [],
            "sas_policy": [],
            "secondary_access_key": "qGNt0xF323HCJ95rH0eOl46nYH9/hqgZN12lj0PFxjNb2hHeAE0AOOyQbh/RLht8pzL9l8+kW09p+AStnhlgOA==",
            "secondary_blob_connection_string": "",
            "secondary_blob_endpoint": null,
            "secondary_blob_host": null,
            "secondary_connection_string": "DefaultEndpointsProtocol=https;AccountName=celestialsblobstorage;AccountKey=qGNt0xF323HCJ95rH0eOl46nYH9/hqgZN12lj0PFxjNb2hHeAE0AOOyQbh/RLht8pzL9l8+kW09p+AStnhlgOA==;EndpointSuffix=core.windows.net",
            "secondary_dfs_endpoint": null,
            "secondary_dfs_host": null,
            "secondary_file_endpoint": null,
            "secondary_file_host": null,
            "secondary_location": "",
            "secondary_queue_endpoint": null,
            "secondary_queue_host": null,
            "secondary_table_endpoint": null,
            "secondary_table_host": null,
            "secondary_web_endpoint": null,
            "secondary_web_host": null,
            "sftp_enabled": false,
            "share_properties": [
              {
                "cors_rule": [],
                "retention_policy": [
                  {
                    "days": 7
                  }
                ],
                "smb": []
              }
            ],
            "shared_access_key_enabled": true,
            "static_website": [],
            "table_encryption_key_type": "Service",
            "tags": {},
            "timeouts": null
          },
          "sensitive_attributes": [],
          "private": "eyJlMmJmYjczMC1lY2FhLTExZTYtOGY4OC0zNDM2M2JjN2M0YzAiOnsiY3JlYXRlIjozNjAwMDAwMDAwMDAwLCJkZWxldGUiOjM2MDAwMDAwMDAwMDAsInJlYWQiOjMwMDAwMDAwMDAwMCwidXBkYXRlIjozNjAwMDAwMDAwMDAwfSwic2NoZW1hX3ZlcnNpb24iOiIzIn0=",
          "dependencies": [
            "azurerm_resource_group.celestials_prod_resource_group"
          ]
        }
      ]
    },
    {
      "mode": "managed",
      "type": "azurerm_storage_container",
      "name": "celestials_prod_blob_storage_container",
      "provider": "provider[\"registry.terraform.io/hashicorp/azurerm\"]",
      "instances": [
        {
          "schema_version": 1,
          "attributes": {
            "container_access_type": "blob",
            "has_immutability_policy": false,
            "has_legal_hold": false,
            "id": "https://celestialsblobstorage.blob.core.windows.net/celestials-blob-storage-container",
            "metadata": {},
            "name": "celestials-blob-storage-container",
            "resource_manager_id": "/subscriptions/9d45aa6d-1ca0-42ec-9613-3cb96e8ab722/resourceGroups/celestials-resource-group/providers/Microsoft.Storage/storageAccounts/celestialsblobstorage/blobServices/default/containers/celestials-blob-storage-container",
            "storage_account_name": "celestialsblobstorage",
            "timeouts": null
          },
          "sensitive_attributes": [],
          "private": "eyJlMmJmYjczMC1lY2FhLTExZTYtOGY4OC0zNDM2M2JjN2M0YzAiOnsiY3JlYXRlIjoxODAwMDAwMDAwMDAwLCJkZWxldGUiOjE4MDAwMDAwMDAwMDAsInJlYWQiOjMwMDAwMDAwMDAwMCwidXBkYXRlIjoxODAwMDAwMDAwMDAwfSwic2NoZW1hX3ZlcnNpb24iOiIxIn0=",
          "dependencies": [
            "azurerm_resource_group.celestials_prod_resource_group",
            "azurerm_storage_account.celestials_prod_blob_storage_account"
          ]
        }
      ]
    },
    {
      "mode": "managed",
      "type": "null_resource",
      "name": "celestials_localhost_provisioner",
      "provider": "provider[\"registry.terraform.io/hashicorp/null\"]",
      "instances": [
        {
          "schema_version": 0,
          "attributes": {
            "id": "7709556123606761874",
            "triggers": null
          },
          "sensitive_attributes": []
        }
      ]
    }
  ],
  "check_results": null
}
